// !$*UTF8*$!
{
	archiveVersion = 1;
	classes = {
	};
	objectVersion = 77;
	objects = {

/* Begin PBXBuildFile section */
		3741F2312CAFC09600DA813A /* ContentView.swift in Sources */ = {isa = PBXBuildFile; fileRef = 3741F22B2CAFC09600DA813A /* ContentView.swift */; };
		37594A8A2CAD452F0044A84F /* Character.swift in Sources */ = {isa = PBXBuildFile; fileRef = 37594A892CAD452F0044A84F /* Character.swift */; };
		376382D42CB0D7A30022DAFD /* FavoritesModel.xcdatamodeld in Sources */ = {isa = PBXBuildFile; fileRef = 376382D22CB0D7A30022DAFD /* FavoritesModel.xcdatamodeld */; };
		37650FEA2CAD4E6800400770 /* LaunchScreen.storyboard in Resources */ = {isa = PBXBuildFile; fileRef = 37650FE92CAD4E6800400770 /* LaunchScreen.storyboard */; };
		378B6E9A2CADED250007DE50 /* CharacterViewModel.swift in Sources */ = {isa = PBXBuildFile; fileRef = 378B6E992CADED250007DE50 /* CharacterViewModel.swift */; };
		379967F62CAE5E0C00341528 /* CharacterDetailView.swift in Sources */ = {isa = PBXBuildFile; fileRef = 379967F52CAE5E0C00341528 /* CharacterDetailView.swift */; };
		379967F82CAE830600341528 /* MainTabView.swift in Sources */ = {isa = PBXBuildFile; fileRef = 379967F72CAE830600341528 /* MainTabView.swift */; };
		379967FA2CAE84B800341528 /* SearchView.swift in Sources */ = {isa = PBXBuildFile; fileRef = 379967F92CAE84B800341528 /* SearchView.swift */; };
		37CE73BF2CB0F25100D1085D /* FavoritesViewModel.swift in Sources */ = {isa = PBXBuildFile; fileRef = 37CE73BE2CB0F25100D1085D /* FavoritesViewModel.swift */; };
		37CE73C12CB0F6FB00D1085D /* PersistenceController.swift in Sources */ = {isa = PBXBuildFile; fileRef = 37CE73C02CB0F6FB00D1085D /* PersistenceController.swift */; };
		37DE22062CB14A3A00F3FBF5 /* Secrets.plist in Resources */ = {isa = PBXBuildFile; fileRef = 37BC021D2CB149130039575C /* Secrets.plist */; };
		37E212F92CAF8FB200049BE2 /* FavoritesView.swift in Sources */ = {isa = PBXBuildFile; fileRef = 37E212F82CAF8FB200049BE2 /* FavoritesView.swift */; };
		37E4FCB42CACD0C100718FA8 /* MarvelAPIDataClient.swift in Sources */ = {isa = PBXBuildFile; fileRef = 37E4FCB32CACD0C100718FA8 /* MarvelAPIDataClient.swift */; };
/* End PBXBuildFile section */

/* Begin PBXFileReference section */
		3741F22B2CAFC09600DA813A /* ContentView.swift */ = {isa = PBXFileReference; lastKnownFileType = sourcecode.swift; path = ContentView.swift; sourceTree = "<group>"; };
		37594A892CAD452F0044A84F /* Character.swift */ = {isa = PBXFileReference; lastKnownFileType = sourcecode.swift; path = Character.swift; sourceTree = "<group>"; };
		376382D32CB0D7A30022DAFD /* FavoritesModel.xcdatamodel */ = {isa = PBXFileReference; lastKnownFileType = wrapper.xcdatamodel; path = FavoritesModel.xcdatamodel; sourceTree = "<group>"; };
		37650FE92CAD4E6800400770 /* LaunchScreen.storyboard */ = {isa = PBXFileReference; lastKnownFileType = file.storyboard; path = LaunchScreen.storyboard; sourceTree = "<group>"; };
		378B6E992CADED250007DE50 /* CharacterViewModel.swift */ = {isa = PBXFileReference; lastKnownFileType = sourcecode.swift; path = CharacterViewModel.swift; sourceTree = "<group>"; };
		379967F52CAE5E0C00341528 /* CharacterDetailView.swift */ = {isa = PBXFileReference; lastKnownFileType = sourcecode.swift; path = CharacterDetailView.swift; sourceTree = "<group>"; };
		379967F72CAE830600341528 /* MainTabView.swift */ = {isa = PBXFileReference; lastKnownFileType = sourcecode.swift; path = MainTabView.swift; sourceTree = "<group>"; };
		379967F92CAE84B800341528 /* SearchView.swift */ = {isa = PBXFileReference; lastKnownFileType = sourcecode.swift; path = SearchView.swift; sourceTree = "<group>"; };
		37BC021D2CB149130039575C /* Secrets.plist */ = {isa = PBXFileReference; lastKnownFileType = text.plist.xml; path = Secrets.plist; sourceTree = "<group>"; };
		37CE73BE2CB0F25100D1085D /* FavoritesViewModel.swift */ = {isa = PBXFileReference; lastKnownFileType = sourcecode.swift; path = FavoritesViewModel.swift; sourceTree = "<group>"; };
		37CE73C02CB0F6FB00D1085D /* PersistenceController.swift */ = {isa = PBXFileReference; lastKnownFileType = sourcecode.swift; path = PersistenceController.swift; sourceTree = "<group>"; };
		37E212F82CAF8FB200049BE2 /* FavoritesView.swift */ = {isa = PBXFileReference; lastKnownFileType = sourcecode.swift; path = FavoritesView.swift; sourceTree = "<group>"; };
		37E4FCB32CACD0C100718FA8 /* MarvelAPIDataClient.swift */ = {isa = PBXFileReference; lastKnownFileType = sourcecode.swift; path = MarvelAPIDataClient.swift; sourceTree = "<group>"; };
		37FBD9632CACA9F100489991 /* MarvelApp.app */ = {isa = PBXFileReference; explicitFileType = wrapper.application; includeInIndex = 0; path = MarvelApp.app; sourceTree = BUILT_PRODUCTS_DIR; };
/* End PBXFileReference section */

/* Begin PBXFileSystemSynchronizedBuildFileExceptionSet section */
		37650FEC2CAD4FA800400770 /* Exceptions for "MarvelApp" folder in "MarvelApp" target */ = {
			isa = PBXFileSystemSynchronizedBuildFileExceptionSet;
			membershipExceptions = (
				Info.plist,
			);
			target = 37FBD9622CACA9F100489991 /* MarvelApp */;
		};
/* End PBXFileSystemSynchronizedBuildFileExceptionSet section */

/* Begin PBXFileSystemSynchronizedRootGroup section */
		37FBD9652CACA9F100489991 /* MarvelApp */ = {
			isa = PBXFileSystemSynchronizedRootGroup;
			exceptions = (
				37650FEC2CAD4FA800400770 /* Exceptions for "MarvelApp" folder in "MarvelApp" target */,
			);
			path = MarvelApp;
			sourceTree = "<group>";
		};
/* End PBXFileSystemSynchronizedRootGroup section */

/* Begin PBXFrameworksBuildPhase section */
		37FBD9602CACA9F100489991 /* Frameworks */ = {
			isa = PBXFrameworksBuildPhase;
			buildActionMask = 2147483647;
			files = (
			);
			runOnlyForDeploymentPostprocessing = 0;
		};
/* End PBXFrameworksBuildPhase section */

/* Begin PBXGroup section */
		376382D12CB0D77C0022DAFD /* CoreData */ = {
			isa = PBXGroup;
			children = (
				376382D22CB0D7A30022DAFD /* FavoritesModel.xcdatamodeld */,
				37CE73C02CB0F6FB00D1085D /* PersistenceController.swift */,
			);
			path = CoreData;
			sourceTree = "<group>";
		};
		37E4FCAC2CACAD8200718FA8 /* Networking */ = {
			isa = PBXGroup;
			children = (
				37E4FCB32CACD0C100718FA8 /* MarvelAPIDataClient.swift */,
			);
			path = Networking;
			sourceTree = "<group>";
		};
		37F0E5532CAD4487003CC85B /* View */ = {
			isa = PBXGroup;
			children = (
				379967F52CAE5E0C00341528 /* CharacterDetailView.swift */,
				379967F72CAE830600341528 /* MainTabView.swift */,
				379967F92CAE84B800341528 /* SearchView.swift */,
				37E212F82CAF8FB200049BE2 /* FavoritesView.swift */,
				3741F22B2CAFC09600DA813A /* ContentView.swift */,
			);
			path = View;
			sourceTree = "<group>";
		};
		37F0E5542CAD448E003CC85B /* Model */ = {
			isa = PBXGroup;
			children = (
				37594A892CAD452F0044A84F /* Character.swift */,
			);
			path = Model;
			sourceTree = "<group>";
		};
		37F0E5562CAD4495003CC85B /* ViewModel */ = {
			isa = PBXGroup;
			children = (
				378B6E992CADED250007DE50 /* CharacterViewModel.swift */,
				37CE73BE2CB0F25100D1085D /* FavoritesViewModel.swift */,
			);
			path = ViewModel;
			sourceTree = "<group>";
		};
		37FBD95A2CACA9F100489991 = {
			isa = PBXGroup;
			children = (
				37BC021D2CB149130039575C /* Secrets.plist */,
				37650FE92CAD4E6800400770 /* LaunchScreen.storyboard */,
				37E4FCAC2CACAD8200718FA8 /* Networking */,
				37FBD9652CACA9F100489991 /* MarvelApp */,
				37FBD9642CACA9F100489991 /* Products */,
				37F0E5532CAD4487003CC85B /* View */,
				37F0E5542CAD448E003CC85B /* Model */,
				37F0E5562CAD4495003CC85B /* ViewModel */,
				376382D12CB0D77C0022DAFD /* CoreData */,
			);
			sourceTree = "<group>";
		};
		37FBD9642CACA9F100489991 /* Products */ = {
			isa = PBXGroup;
			children = (
				37FBD9632CACA9F100489991 /* MarvelApp.app */,
			);
			name = Products;
			sourceTree = "<group>";
		};
/* End PBXGroup section */

/* Begin PBXNativeTarget section */
		37FBD9622CACA9F100489991 /* MarvelApp */ = {
			isa = PBXNativeTarget;
			buildConfigurationList = 37FBD9712CACA9F200489991 /* Build configuration list for PBXNativeTarget "MarvelApp" */;
			buildPhases = (
				37FBD95F2CACA9F100489991 /* Sources */,
				37FBD9602CACA9F100489991 /* Frameworks */,
				37FBD9612CACA9F100489991 /* Resources */,
			);
			buildRules = (
			);
			dependencies = (
			);
			fileSystemSynchronizedGroups = (
				37FBD9652CACA9F100489991 /* MarvelApp */,
			);
			name = MarvelApp;
			packageProductDependencies = (
			);
			productName = MarvelApp;
			productReference = 37FBD9632CACA9F100489991 /* MarvelApp.app */;
			productType = "com.apple.product-type.application";
		};
/* End PBXNativeTarget section */

/* Begin PBXProject section */
		37FBD95B2CACA9F100489991 /* Project object */ = {
			isa = PBXProject;
			attributes = {
				BuildIndependentTargetsInParallel = 1;
				LastSwiftUpdateCheck = 1600;
				LastUpgradeCheck = 1600;
				TargetAttributes = {
					37FBD9622CACA9F100489991 = {
						CreatedOnToolsVersion = 16.0;
					};
				};
			};
			buildConfigurationList = 37FBD95E2CACA9F100489991 /* Build configuration list for PBXProject "MarvelApp" */;
			developmentRegion = en;
			hasScannedForEncodings = 0;
			knownRegions = (
				en,
				Base,
			);
			mainGroup = 37FBD95A2CACA9F100489991;
			minimizedProjectReferenceProxies = 1;
			preferredProjectObjectVersion = 77;
			productRefGroup = 37FBD9642CACA9F100489991 /* Products */;
			projectDirPath = "";
			projectRoot = "";
			targets = (
				37FBD9622CACA9F100489991 /* MarvelApp */,
			);
		};
/* End PBXProject section */

/* Begin PBXResourcesBuildPhase section */
		37FBD9612CACA9F100489991 /* Resources */ = {
			isa = PBXResourcesBuildPhase;
			buildActionMask = 2147483647;
			files = (
				37DE22062CB14A3A00F3FBF5 /* Secrets.plist in Resources */,
				37650FEA2CAD4E6800400770 /* LaunchScreen.storyboard in Resources */,
			);
			runOnlyForDeploymentPostprocessing = 0;
		};
/* End PBXResourcesBuildPhase section */

/* Begin PBXSourcesBuildPhase section */
		37FBD95F2CACA9F100489991 /* Sources */ = {
			isa = PBXSourcesBuildPhase;
			buildActionMask = 2147483647;
			files = (
				3741F2312CAFC09600DA813A /* ContentView.swift in Sources */,
				37CE73BF2CB0F25100D1085D /* FavoritesViewModel.swift in Sources */,
				378B6E9A2CADED250007DE50 /* CharacterViewModel.swift in Sources */,
				37CE73C12CB0F6FB00D1085D /* PersistenceController.swift in Sources */,
				379967F62CAE5E0C00341528 /* CharacterDetailView.swift in Sources */,
				379967FA2CAE84B800341528 /* SearchView.swift in Sources */,
				379967F82CAE830600341528 /* MainTabView.swift in Sources */,
				376382D42CB0D7A30022DAFD /* FavoritesModel.xcdatamodeld in Sources */,
				37E4FCB42CACD0C100718FA8 /* MarvelAPIDataClient.swift in Sources */,
				37594A8A2CAD452F0044A84F /* Character.swift in Sources */,
				37E212F92CAF8FB200049BE2 /* FavoritesView.swift in Sources */,
			);
			runOnlyForDeploymentPostprocessing = 0;
		};
/* End PBXSourcesBuildPhase section */

/* Begin XCBuildConfiguration section */
		37FBD96F2CACA9F200489991 /* Debug */ = {
			isa = XCBuildConfiguration;
			buildSettings = {
				ALWAYS_SEARCH_USER_PATHS = NO;
				ASSETCATALOG_COMPILER_GENERATE_SWIFT_ASSET_SYMBOL_EXTENSIONS = YES;
				CLANG_ANALYZER_NONNULL = YES;
				CLANG_ANALYZER_NUMBER_OBJECT_CONVERSION = YES_AGGRESSIVE;
				CLANG_CXX_LANGUAGE_STANDARD = "gnu++20";
				CLANG_ENABLE_MODULES = YES;
				CLANG_ENABLE_OBJC_ARC = YES;
				CLANG_ENABLE_OBJC_WEAK = YES;
				CLANG_WARN_BLOCK_CAPTURE_AUTORELEASING = YES;
				CLANG_WARN_BOOL_CONVERSION = YES;
				CLANG_WARN_COMMA = YES;
				CLANG_WARN_CONSTANT_CONVERSION = YES;
				CLANG_WARN_DEPRECATED_OBJC_IMPLEMENTATIONS = YES;
				CLANG_WARN_DIRECT_OBJC_ISA_USAGE = YES_ERROR;
				CLANG_WARN_DOCUMENTATION_COMMENTS = YES;
				CLANG_WARN_EMPTY_BODY = YES;
				CLANG_WARN_ENUM_CONVERSION = YES;
				CLANG_WARN_INFINITE_RECURSION = YES;
				CLANG_WARN_INT_CONVERSION = YES;
				CLANG_WARN_NON_LITERAL_NULL_CONVERSION = YES;
				CLANG_WARN_OBJC_IMPLICIT_RETAIN_SELF = YES;
				CLANG_WARN_OBJC_LITERAL_CONVERSION = YES;
				CLANG_WARN_OBJC_ROOT_CLASS = YES_ERROR;
				CLANG_WARN_QUOTED_INCLUDE_IN_FRAMEWORK_HEADER = YES;
				CLANG_WARN_RANGE_LOOP_ANALYSIS = YES;
				CLANG_WARN_STRICT_PROTOTYPES = YES;
				CLANG_WARN_SUSPICIOUS_MOVE = YES;
				CLANG_WARN_UNGUARDED_AVAILABILITY = YES_AGGRESSIVE;
				CLANG_WARN_UNREACHABLE_CODE = YES;
				CLANG_WARN__DUPLICATE_METHOD_MATCH = YES;
				COPY_PHASE_STRIP = NO;
				DEBUG_INFORMATION_FORMAT = dwarf;
				ENABLE_STRICT_OBJC_MSGSEND = YES;
				ENABLE_TESTABILITY = YES;
				ENABLE_USER_SCRIPT_SANDBOXING = YES;
				GCC_C_LANGUAGE_STANDARD = gnu17;
				GCC_DYNAMIC_NO_PIC = NO;
				GCC_NO_COMMON_BLOCKS = YES;
				GCC_OPTIMIZATION_LEVEL = 0;
				GCC_PREPROCESSOR_DEFINITIONS = (
					"DEBUG=1",
					"$(inherited)",
				);
				GCC_WARN_64_TO_32_BIT_CONVERSION = YES;
				GCC_WARN_ABOUT_RETURN_TYPE = YES_ERROR;
				GCC_WARN_UNDECLARED_SELECTOR = YES;
				GCC_WARN_UNINITIALIZED_AUTOS = YES_AGGRESSIVE;
				GCC_WARN_UNUSED_FUNCTION = YES;
				GCC_WARN_UNUSED_VARIABLE = YES;
				IPHONEOS_DEPLOYMENT_TARGET = 18.0;
				LOCALIZATION_PREFERS_STRING_CATALOGS = YES;
				MTL_ENABLE_DEBUG_INFO = INCLUDE_SOURCE;
				MTL_FAST_MATH = YES;
				ONLY_ACTIVE_ARCH = YES;
				SDKROOT = iphoneos;
				SWIFT_ACTIVE_COMPILATION_CONDITIONS = "DEBUG $(inherited)";
				SWIFT_OPTIMIZATION_LEVEL = "-Onone";
			};
			name = Debug;
		};
		37FBD9702CACA9F200489991 /* Release */ = {
			isa = XCBuildConfiguration;
			buildSettings = {
				ALWAYS_SEARCH_USER_PATHS = NO;
				ASSETCATALOG_COMPILER_GENERATE_SWIFT_ASSET_SYMBOL_EXTENSIONS = YES;
				CLANG_ANALYZER_NONNULL = YES;
				CLANG_ANALYZER_NUMBER_OBJECT_CONVERSION = YES_AGGRESSIVE;
				CLANG_CXX_LANGUAGE_STANDARD = "gnu++20";
				CLANG_ENABLE_MODULES = YES;
				CLANG_ENABLE_OBJC_ARC = YES;
				CLANG_ENABLE_OBJC_WEAK = YES;
				CLANG_WARN_BLOCK_CAPTURE_AUTORELEASING = YES;
				CLANG_WARN_BOOL_CONVERSION = YES;
				CLANG_WARN_COMMA = YES;
				CLANG_WARN_CONSTANT_CONVERSION = YES;
				CLANG_WARN_DEPRECATED_OBJC_IMPLEMENTATIONS = YES;
				CLANG_WARN_DIRECT_OBJC_ISA_USAGE = YES_ERROR;
				CLANG_WARN_DOCUMENTATION_COMMENTS = YES;
				CLANG_WARN_EMPTY_BODY = YES;
				CLANG_WARN_ENUM_CONVERSION = YES;
				CLANG_WARN_INFINITE_RECURSION = YES;
				CLANG_WARN_INT_CONVERSION = YES;
				CLANG_WARN_NON_LITERAL_NULL_CONVERSION = YES;
				CLANG_WARN_OBJC_IMPLICIT_RETAIN_SELF = YES;
				CLANG_WARN_OBJC_LITERAL_CONVERSION = YES;
				CLANG_WARN_OBJC_ROOT_CLASS = YES_ERROR;
				CLANG_WARN_QUOTED_INCLUDE_IN_FRAMEWORK_HEADER = YES;
				CLANG_WARN_RANGE_LOOP_ANALYSIS = YES;
				CLANG_WARN_STRICT_PROTOTYPES = YES;
				CLANG_WARN_SUSPICIOUS_MOVE = YES;
				CLANG_WARN_UNGUARDED_AVAILABILITY = YES_AGGRESSIVE;
				CLANG_WARN_UNREACHABLE_CODE = YES;
				CLANG_WARN__DUPLICATE_METHOD_MATCH = YES;
				COPY_PHASE_STRIP = NO;
				DEBUG_INFORMATION_FORMAT = "dwarf-with-dsym";
				ENABLE_NS_ASSERTIONS = NO;
				ENABLE_STRICT_OBJC_MSGSEND = YES;
				ENABLE_USER_SCRIPT_SANDBOXING = YES;
				GCC_C_LANGUAGE_STANDARD = gnu17;
				GCC_NO_COMMON_BLOCKS = YES;
				GCC_WARN_64_TO_32_BIT_CONVERSION = YES;
				GCC_WARN_ABOUT_RETURN_TYPE = YES_ERROR;
				GCC_WARN_UNDECLARED_SELECTOR = YES;
				GCC_WARN_UNINITIALIZED_AUTOS = YES_AGGRESSIVE;
				GCC_WARN_UNUSED_FUNCTION = YES;
				GCC_WARN_UNUSED_VARIABLE = YES;
				IPHONEOS_DEPLOYMENT_TARGET = 18.0;
				LOCALIZATION_PREFERS_STRING_CATALOGS = YES;
				MTL_ENABLE_DEBUG_INFO = NO;
				MTL_FAST_MATH = YES;
				SDKROOT = iphoneos;
				SWIFT_COMPILATION_MODE = wholemodule;
				VALIDATE_PRODUCT = YES;
			};
			name = Release;
		};
		37FBD9722CACA9F200489991 /* Debug */ = {
			isa = XCBuildConfiguration;
			buildSettings = {
				ASSETCATALOG_COMPILER_APPICON_NAME = AppIcon;
				ASSETCATALOG_COMPILER_GLOBAL_ACCENT_COLOR_NAME = AccentColor;
				ASSETCATALOG_COMPILER_INCLUDE_ALL_APPICON_ASSETS = NO;
				CODE_SIGN_STYLE = Automatic;
				CURRENT_PROJECT_VERSION = 1;
				DEVELOPMENT_ASSET_PATHS = "\"MarvelApp/Preview Content\"";
				DEVELOPMENT_TEAM = A2A85ZCAUV;
				ENABLE_PREVIEWS = YES;
				GENERATE_INFOPLIST_FILE = YES;
				INFOPLIST_FILE = MarvelApp/Info.plist;
				INFOPLIST_KEY_UIApplicationSceneManifest_Generation = YES;
				INFOPLIST_KEY_UIApplicationSupportsIndirectInputEvents = YES;
				INFOPLIST_KEY_UILaunchStoryboardName = LaunchScreen;
				INFOPLIST_KEY_UISupportedInterfaceOrientations = UIInterfaceOrientationPortrait;
				INFOPLIST_KEY_UISupportedInterfaceOrientations_iPad = "UIInterfaceOrientationLandscapeLeft UIInterfaceOrientationLandscapeRight UIInterfaceOrientationPortrait UIInterfaceOrientationPortraitUpsideDown";
				IPHONEOS_DEPLOYMENT_TARGET = 16.6;
				LD_RUNPATH_SEARCH_PATHS = (
					"$(inherited)",
					"@executable_path/Frameworks",
				);
				MARKETING_VERSION = 1.0;
				PRODUCT_BUNDLE_IDENTIFIER = AlbertoOrrantia.MarvelApp;
				PRODUCT_NAME = "$(TARGET_NAME)";
				SUPPORTED_PLATFORMS = "iphoneos iphonesimulator";
				SUPPORTS_MACCATALYST = NO;
				SUPPORTS_MAC_DESIGNED_FOR_IPHONE_IPAD = NO;
				SUPPORTS_XR_DESIGNED_FOR_IPHONE_IPAD = NO;
				SWIFT_EMIT_LOC_STRINGS = YES;
				SWIFT_VERSION = 5.0;
				TARGETED_DEVICE_FAMILY = 1;
			};
			name = Debug;
		};
		37FBD9732CACA9F200489991 /* Release */ = {
			isa = XCBuildConfiguration;
			buildSettings = {
				ASSETCATALOG_COMPILER_APPICON_NAME = AppIcon;
				ASSETCATALOG_COMPILER_GLOBAL_ACCENT_COLOR_NAME = AccentColor;
				ASSETCATALOG_COMPILER_INCLUDE_ALL_APPICON_ASSETS = NO;
				CODE_SIGN_STYLE = Automatic;
				CURRENT_PROJECT_VERSION = 1;
				DEVELOPMENT_ASSET_PATHS = "\"MarvelApp/Preview Content\"";
				DEVELOPMENT_TEAM = A2A85ZCAUV;
				ENABLE_PREVIEWS = YES;
				GENERATE_INFOPLIST_FILE = YES;
				INFOPLIST_FILE = MarvelApp/Info.plist;
				INFOPLIST_KEY_UIApplicationSceneManifest_Generation = YES;
				INFOPLIST_KEY_UIApplicationSupportsIndirectInputEvents = YES;
				INFOPLIST_KEY_UILaunchStoryboardName = LaunchScreen;
				INFOPLIST_KEY_UISupportedInterfaceOrientations = UIInterfaceOrientationPortrait;
				INFOPLIST_KEY_UISupportedInterfaceOrientations_iPad = "UIInterfaceOrientationLandscapeLeft UIInterfaceOrientationLandscapeRight UIInterfaceOrientationPortrait UIInterfaceOrientationPortraitUpsideDown";
				IPHONEOS_DEPLOYMENT_TARGET = 16.6;
				LD_RUNPATH_SEARCH_PATHS = (
					"$(inherited)",
					"@executable_path/Frameworks",
				);
				MARKETING_VERSION = 1.0;
				PRODUCT_BUNDLE_IDENTIFIER = AlbertoOrrantia.MarvelApp;
				PRODUCT_NAME = "$(TARGET_NAME)";
				SUPPORTED_PLATFORMS = "iphoneos iphonesimulator";
				SUPPORTS_MACCATALYST = NO;
				SUPPORTS_MAC_DESIGNED_FOR_IPHONE_IPAD = NO;
				SUPPORTS_XR_DESIGNED_FOR_IPHONE_IPAD = NO;
				SWIFT_EMIT_LOC_STRINGS = YES;
				SWIFT_VERSION = 5.0;
				TARGETED_DEVICE_FAMILY = 1;
			};
			name = Release;
		};
/* End XCBuildConfiguration section */

/* Begin XCConfigurationList section */
		37FBD95E2CACA9F100489991 /* Build configuration list for PBXProject "MarvelApp" */ = {
			isa = XCConfigurationList;
			buildConfigurations = (
				37FBD96F2CACA9F200489991 /* Debug */,
				37FBD9702CACA9F200489991 /* Release */,
			);
			defaultConfigurationIsVisible = 0;
			defaultConfigurationName = Release;
		};
		37FBD9712CACA9F200489991 /* Build configuration list for PBXNativeTarget "MarvelApp" */ = {
			isa = XCConfigurationList;
			buildConfigurations = (
				37FBD9722CACA9F200489991 /* Debug */,
				37FBD9732CACA9F200489991 /* Release */,
			);
			defaultConfigurationIsVisible = 0;
			defaultConfigurationName = Release;
		};
/* End XCConfigurationList section */

/* Begin XCVersionGroup section */
		376382D22CB0D7A30022DAFD /* FavoritesModel.xcdatamodeld */ = {
			isa = XCVersionGroup;
			children = (
				376382D32CB0D7A30022DAFD /* FavoritesModel.xcdatamodel */,
			);
			currentVersion = 376382D32CB0D7A30022DAFD /* FavoritesModel.xcdatamodel */;
			path = FavoritesModel.xcdatamodeld;
			sourceTree = "<group>";
			versionGroupType = wrapper.xcdatamodel;
		};
/* End XCVersionGroup section */
	};
	rootObject = 37FBD95B2CACA9F100489991 /* Project object */;
}
